Microsoft Visual Studio Solution File, Format Version 12.00
# Visual Studio Version 17
VisualStudioVersion = 17.0.31913.204
MinimumVisualStudioVersion = 10.0.40219.1
Project("{FAE04EC0-301F-11D3-BF4B-00C04F79EFBC}") = "MyDotNetProject", "src\MyDotNetProject\MyDotNetProject.csproj", "{A1B2C3D4-E5F6-7A8B-9A0B-C1D2E3F4G5H6}"
EndProject
Project("{B3B3B3B3-B3B3-B3B3-B3B3-B3B3B3B3B3B3}") = "MyDotNetProject.Tests", "tests\MyDotNetProject.Tests\MyDotNetProject.Tests.csproj", "{H6G5F4E3-D2C1-B0A9-8B7C-6D5E4F3A2B1C}"
EndProject
Global
	GlobalSection(SolutionConfigurationPlatforms) = preSolution
		Debug|Any CPU = Debug|Any CPU
		Release|Any CPU = Release|Any CPU
	EndGlobalSection
	GlobalSection(ProjectConfigurationPlatforms) = postSolution
		{A1B2C3D4-E5F6-7A8B-9A0B-C1D2E3F4G5H6}.Debug|Any CPU.ActiveCfg = Debug|Any CPU
		{A1B2C3D4-E5F6-7A8B-9A0B-C1D2E3F4G5H6}.Debug|Any CPU.Build.0 = Debug|Any CPU
		{A1B2C3D4-E5F6-7A8B-9A0B-C1D2E3F4G5H6}.Release|Any CPU.ActiveCfg = Release|Any CPU
		{A1B2C3D4-E5F6-7A8B-9A0B-C1D2E3F4G5H6}.Release|Any CPU.Build.0 = Release|Any CPU
		{H6G5F4E3-D2C1-B0A9-8B7C-6D5E4F3A2B1C}.Debug|Any CPU.ActiveCfg = Debug|Any CPU
		{H6G5F4E3-D2C1-B0A9-8B7C-6D5E4F3A2B1C}.Debug|Any CPU.Build.0 = Debug|Any CPU
		{H6G5F4E3-D2C1-B0A9-8B7C-6D5E4F3A2B1C}.Release|Any CPU.ActiveCfg = Release|Any CPU
		{H6G5F4E3-D2C1-B0A9-8B7C-6D5E4F3A2B1C}.Release|Any CPU.Build.0 = Release|Any CPU
	EndGlobalSection
EndGlobal